// !$*UTF8*$!
{
	archiveVersion = 1;
	classes = {
	};
	objectVersion = 51;
	objects = {

/* Begin PBXBuildFile section */
		3A618D8AD229E1E35176A1C6 /* Pods_Basketball_GM.framework in Frameworks */ = {isa = PBXBuildFile; fileRef = C43D9BC029E9415E19A0FF6B /* Pods_Basketball_GM.framework */; };
		94D5D045E1CD533B8E9C8A61 /* Pods_Basketball_GMTests.framework in Frameworks */ = {isa = PBXBuildFile; fileRef = A86AB129A860BE8B2808F833 /* Pods_Basketball_GMTests.framework */; };
		F910FA36247850150044E947 /* TeamData.swift in Sources */ = {isa = PBXBuildFile; fileRef = F910FA35247850150044E947 /* TeamData.swift */; };
		F910FA382478501E0044E947 /* TeamModel.swift in Sources */ = {isa = PBXBuildFile; fileRef = F910FA372478501E0044E947 /* TeamModel.swift */; };
		F91F61FB24F7CFE800BFDA9B /* BoxScore.swift in Sources */ = {isa = PBXBuildFile; fileRef = F91F61FA24F7CFE800BFDA9B /* BoxScore.swift */; };
		F94E3B8C2473CDE900491F68 /* PlayByPlayController.swift in Sources */ = {isa = PBXBuildFile; fileRef = F94E3B8B2473CDE900491F68 /* PlayByPlayController.swift */; };
		F94E3B8E24754A0F00491F68 /* OnlineModel.swift in Sources */ = {isa = PBXBuildFile; fileRef = F94E3B8D24754A0F00491F68 /* OnlineModel.swift */; };
		F94E3B9024754B4A00491F68 /* OnlineManager.swift in Sources */ = {isa = PBXBuildFile; fileRef = F94E3B8F24754B4A00491F68 /* OnlineManager.swift */; };
		F94E3B9224754FCD00491F68 /* PlayerData.swift in Sources */ = {isa = PBXBuildFile; fileRef = F94E3B9124754FCD00491F68 /* PlayerData.swift */; };
		F9AFCA6F2469D2660094A33B /* AppDelegate.swift in Sources */ = {isa = PBXBuildFile; fileRef = F9AFCA6E2469D2660094A33B /* AppDelegate.swift */; };
		F9AFCA712469D2660094A33B /* SceneDelegate.swift in Sources */ = {isa = PBXBuildFile; fileRef = F9AFCA702469D2660094A33B /* SceneDelegate.swift */; };
		F9AFCA732469D2660094A33B /* GameViewController.swift in Sources */ = {isa = PBXBuildFile; fileRef = F9AFCA722469D2660094A33B /* GameViewController.swift */; };
		F9AFCA752469D2660094A33B /* SecondViewController.swift in Sources */ = {isa = PBXBuildFile; fileRef = F9AFCA742469D2660094A33B /* SecondViewController.swift */; };
		F9AFCA782469D2660094A33B /* Main.storyboard in Resources */ = {isa = PBXBuildFile; fileRef = F9AFCA762469D2660094A33B /* Main.storyboard */; };
		F9AFCA7B2469D2660094A33B /* Basketball_GM.xcdatamodeld in Sources */ = {isa = PBXBuildFile; fileRef = F9AFCA792469D2660094A33B /* Basketball_GM.xcdatamodeld */; };
		F9AFCA7D2469D26B0094A33B /* Assets.xcassets in Resources */ = {isa = PBXBuildFile; fileRef = F9AFCA7C2469D26B0094A33B /* Assets.xcassets */; };
		F9AFCA802469D26B0094A33B /* LaunchScreen.storyboard in Resources */ = {isa = PBXBuildFile; fileRef = F9AFCA7E2469D26B0094A33B /* LaunchScreen.storyboard */; };
		F9AFCA8B2469D26C0094A33B /* Basketball_GMTests.swift in Sources */ = {isa = PBXBuildFile; fileRef = F9AFCA8A2469D26C0094A33B /* Basketball_GMTests.swift */; };
		F9AFCA992469D2B80094A33B /* Player.swift in Sources */ = {isa = PBXBuildFile; fileRef = F9AFCA982469D2B80094A33B /* Player.swift */; };
		F9AFCA9B2469D31A0094A33B /* Team.swift in Sources */ = {isa = PBXBuildFile; fileRef = F9AFCA9A2469D31A0094A33B /* Team.swift */; };
		F9AFCA9D2469D3F80094A33B /* Game.swift in Sources */ = {isa = PBXBuildFile; fileRef = F9AFCA9C2469D3F80094A33B /* Game.swift */; };
		F9AFCA9F2469DB090094A33B /* NameGenerator.swift in Sources */ = {isa = PBXBuildFile; fileRef = F9AFCA9E2469DB090094A33B /* NameGenerator.swift */; };
		F9AFCAA12469E7AC0094A33B /* LeagueSimulation.swift in Sources */ = {isa = PBXBuildFile; fileRef = F9AFCAA02469E7AC0094A33B /* LeagueSimulation.swift */; };
		F9AFCAA3246AD9270094A33B /* PlayerTendency.swift in Sources */ = {isa = PBXBuildFile; fileRef = F9AFCAA2246AD9270094A33B /* PlayerTendency.swift */; };
		F9AFCAA5246B34540094A33B /* Constants.swift in Sources */ = {isa = PBXBuildFile; fileRef = F9AFCAA4246B34540094A33B /* Constants.swift */; };
		F9DD21B124715EC9005309E7 /* TheAssociation.swift in Sources */ = {isa = PBXBuildFile; fileRef = F9DD21B024715EC9005309E7 /* TheAssociation.swift */; };
/* End PBXBuildFile section */

/* Begin PBXContainerItemProxy section */
		F9AFCA872469D26C0094A33B /* PBXContainerItemProxy */ = {
			isa = PBXContainerItemProxy;
			containerPortal = F9AFCA632469D2660094A33B /* Project object */;
			proxyType = 1;
			remoteGlobalIDString = F9AFCA6A2469D2660094A33B;
			remoteInfo = "Basketball GM";
		};
/* End PBXContainerItemProxy section */

/* Begin PBXFileReference section */
		39A87E5A8BCBB47D39200B25 /* Pods-Basketball GM.release.xcconfig */ = {isa = PBXFileReference; includeInIndex = 1; lastKnownFileType = text.xcconfig; name = "Pods-Basketball GM.release.xcconfig"; path = "Target Support Files/Pods-Basketball GM/Pods-Basketball GM.release.xcconfig"; sourceTree = "<group>"; };
		997AC08D9C6C7E2FB397A1A8 /* Pods-Basketball GM.debug.xcconfig */ = {isa = PBXFileReference; includeInIndex = 1; lastKnownFileType = text.xcconfig; name = "Pods-Basketball GM.debug.xcconfig"; path = "Target Support Files/Pods-Basketball GM/Pods-Basketball GM.debug.xcconfig"; sourceTree = "<group>"; };
		A86AB129A860BE8B2808F833 /* Pods_Basketball_GMTests.framework */ = {isa = PBXFileReference; explicitFileType = wrapper.framework; includeInIndex = 0; path = Pods_Basketball_GMTests.framework; sourceTree = BUILT_PRODUCTS_DIR; };
		BB0038A4E176B2A7FA442AE8 /* Pods-Basketball GMTests.release.xcconfig */ = {isa = PBXFileReference; includeInIndex = 1; lastKnownFileType = text.xcconfig; name = "Pods-Basketball GMTests.release.xcconfig"; path = "Target Support Files/Pods-Basketball GMTests/Pods-Basketball GMTests.release.xcconfig"; sourceTree = "<group>"; };
		C43D9BC029E9415E19A0FF6B /* Pods_Basketball_GM.framework */ = {isa = PBXFileReference; explicitFileType = wrapper.framework; includeInIndex = 0; path = Pods_Basketball_GM.framework; sourceTree = BUILT_PRODUCTS_DIR; };
		D3FADA34B31C0A1FA7338AFD /* Pods-Basketball GMTests.debug.xcconfig */ = {isa = PBXFileReference; includeInIndex = 1; lastKnownFileType = text.xcconfig; name = "Pods-Basketball GMTests.debug.xcconfig"; path = "Target Support Files/Pods-Basketball GMTests/Pods-Basketball GMTests.debug.xcconfig"; sourceTree = "<group>"; };
		F910FA35247850150044E947 /* TeamData.swift */ = {isa = PBXFileReference; lastKnownFileType = sourcecode.swift; path = TeamData.swift; sourceTree = "<group>"; };
		F910FA372478501E0044E947 /* TeamModel.swift */ = {isa = PBXFileReference; lastKnownFileType = sourcecode.swift; path = TeamModel.swift; sourceTree = "<group>"; };
		F91F61FA24F7CFE800BFDA9B /* BoxScore.swift */ = {isa = PBXFileReference; lastKnownFileType = sourcecode.swift; path = BoxScore.swift; sourceTree = "<group>"; };
		F94E3B8B2473CDE900491F68 /* PlayByPlayController.swift */ = {isa = PBXFileReference; lastKnownFileType = sourcecode.swift; path = PlayByPlayController.swift; sourceTree = "<group>"; };
		F94E3B8D24754A0F00491F68 /* OnlineModel.swift */ = {isa = PBXFileReference; lastKnownFileType = sourcecode.swift; path = OnlineModel.swift; sourceTree = "<group>"; };
		F94E3B8F24754B4A00491F68 /* OnlineManager.swift */ = {isa = PBXFileReference; lastKnownFileType = sourcecode.swift; path = OnlineManager.swift; sourceTree = "<group>"; };
		F94E3B9124754FCD00491F68 /* PlayerData.swift */ = {isa = PBXFileReference; lastKnownFileType = sourcecode.swift; path = PlayerData.swift; sourceTree = "<group>"; };
		F9AFCA6B2469D2660094A33B /* Basketball GM.app */ = {isa = PBXFileReference; explicitFileType = wrapper.application; includeInIndex = 0; path = "Basketball GM.app"; sourceTree = BUILT_PRODUCTS_DIR; };
		F9AFCA6E2469D2660094A33B /* AppDelegate.swift */ = {isa = PBXFileReference; lastKnownFileType = sourcecode.swift; path = AppDelegate.swift; sourceTree = "<group>"; };
		F9AFCA702469D2660094A33B /* SceneDelegate.swift */ = {isa = PBXFileReference; lastKnownFileType = sourcecode.swift; path = SceneDelegate.swift; sourceTree = "<group>"; };
		F9AFCA722469D2660094A33B /* GameViewController.swift */ = {isa = PBXFileReference; lastKnownFileType = sourcecode.swift; path = GameViewController.swift; sourceTree = "<group>"; };
		F9AFCA742469D2660094A33B /* SecondViewController.swift */ = {isa = PBXFileReference; lastKnownFileType = sourcecode.swift; path = SecondViewController.swift; sourceTree = "<group>"; };
		F9AFCA772469D2660094A33B /* Base */ = {isa = PBXFileReference; lastKnownFileType = file.storyboard; name = Base; path = Base.lproj/Main.storyboard; sourceTree = "<group>"; };
		F9AFCA7A2469D2660094A33B /* Basketball_GM.xcdatamodel */ = {isa = PBXFileReference; lastKnownFileType = wrapper.xcdatamodel; path = Basketball_GM.xcdatamodel; sourceTree = "<group>"; };
		F9AFCA7C2469D26B0094A33B /* Assets.xcassets */ = {isa = PBXFileReference; lastKnownFileType = folder.assetcatalog; path = Assets.xcassets; sourceTree = "<group>"; };
		F9AFCA7F2469D26B0094A33B /* Base */ = {isa = PBXFileReference; lastKnownFileType = file.storyboard; name = Base; path = Base.lproj/LaunchScreen.storyboard; sourceTree = "<group>"; };
		F9AFCA812469D26B0094A33B /* Info.plist */ = {isa = PBXFileReference; lastKnownFileType = text.plist.xml; path = Info.plist; sourceTree = "<group>"; };
		F9AFCA862469D26C0094A33B /* Basketball GMTests.xctest */ = {isa = PBXFileReference; explicitFileType = wrapper.cfbundle; includeInIndex = 0; path = "Basketball GMTests.xctest"; sourceTree = BUILT_PRODUCTS_DIR; };
		F9AFCA8A2469D26C0094A33B /* Basketball_GMTests.swift */ = {isa = PBXFileReference; lastKnownFileType = sourcecode.swift; path = Basketball_GMTests.swift; sourceTree = "<group>"; };
		F9AFCA8C2469D26C0094A33B /* Info.plist */ = {isa = PBXFileReference; lastKnownFileType = text.plist.xml; path = Info.plist; sourceTree = "<group>"; };
		F9AFCA982469D2B80094A33B /* Player.swift */ = {isa = PBXFileReference; lastKnownFileType = sourcecode.swift; path = Player.swift; sourceTree = "<group>"; };
		F9AFCA9A2469D31A0094A33B /* Team.swift */ = {isa = PBXFileReference; lastKnownFileType = sourcecode.swift; path = Team.swift; sourceTree = "<group>"; };
		F9AFCA9C2469D3F80094A33B /* Game.swift */ = {isa = PBXFileReference; lastKnownFileType = sourcecode.swift; path = Game.swift; sourceTree = "<group>"; };
		F9AFCA9E2469DB090094A33B /* NameGenerator.swift */ = {isa = PBXFileReference; lastKnownFileType = sourcecode.swift; path = NameGenerator.swift; sourceTree = "<group>"; };
		F9AFCAA02469E7AC0094A33B /* LeagueSimulation.swift */ = {isa = PBXFileReference; lastKnownFileType = sourcecode.swift; path = LeagueSimulation.swift; sourceTree = "<group>"; };
		F9AFCAA2246AD9270094A33B /* PlayerTendency.swift */ = {isa = PBXFileReference; lastKnownFileType = sourcecode.swift; path = PlayerTendency.swift; sourceTree = "<group>"; };
		F9AFCAA4246B34540094A33B /* Constants.swift */ = {isa = PBXFileReference; lastKnownFileType = sourcecode.swift; path = Constants.swift; sourceTree = "<group>"; };
		F9DD21B024715EC9005309E7 /* TheAssociation.swift */ = {isa = PBXFileReference; lastKnownFileType = sourcecode.swift; path = TheAssociation.swift; sourceTree = "<group>"; };
/* End PBXFileReference section */

/* Begin PBXFrameworksBuildPhase section */
		F9AFCA682469D2660094A33B /* Frameworks */ = {
			isa = PBXFrameworksBuildPhase;
			buildActionMask = 2147483647;
			files = (
				3A618D8AD229E1E35176A1C6 /* Pods_Basketball_GM.framework in Frameworks */,
			);
			runOnlyForDeploymentPostprocessing = 0;
		};
		F9AFCA832469D26C0094A33B /* Frameworks */ = {
			isa = PBXFrameworksBuildPhase;
			buildActionMask = 2147483647;
			files = (
				94D5D045E1CD533B8E9C8A61 /* Pods_Basketball_GMTests.framework in Frameworks */,
			);
			runOnlyForDeploymentPostprocessing = 0;
		};
/* End PBXFrameworksBuildPhase section */

/* Begin PBXGroup section */
		A6E62C32DBA0C8961F6D79B5 /* Pods */ = {
			isa = PBXGroup;
			children = (
				997AC08D9C6C7E2FB397A1A8 /* Pods-Basketball GM.debug.xcconfig */,
				39A87E5A8BCBB47D39200B25 /* Pods-Basketball GM.release.xcconfig */,
				D3FADA34B31C0A1FA7338AFD /* Pods-Basketball GMTests.debug.xcconfig */,
				BB0038A4E176B2A7FA442AE8 /* Pods-Basketball GMTests.release.xcconfig */,
			);
			path = Pods;
			sourceTree = "<group>";
		};
		DA1B2511C30E47834C3EFD34 /* Frameworks */ = {
			isa = PBXGroup;
			children = (
				C43D9BC029E9415E19A0FF6B /* Pods_Basketball_GM.framework */,
				A86AB129A860BE8B2808F833 /* Pods_Basketball_GMTests.framework */,
			);
			name = Frameworks;
			sourceTree = "<group>";
		};
		F910FA3324784FD50044E947 /* Player data */ = {
			isa = PBXGroup;
			children = (
				F94E3B8D24754A0F00491F68 /* OnlineModel.swift */,
				F94E3B9124754FCD00491F68 /* PlayerData.swift */,
			);
			path = "Player data";
			sourceTree = "<group>";
		};
		F910FA3424784FE70044E947 /* Team data */ = {
			isa = PBXGroup;
			children = (
				F910FA35247850150044E947 /* TeamData.swift */,
				F910FA372478501E0044E947 /* TeamModel.swift */,
			);
			path = "Team data";
			sourceTree = "<group>";
		};
		F94E3B932475500A00491F68 /* Metadata requests */ = {
			isa = PBXGroup;
			children = (
				F94E3B8F24754B4A00491F68 /* OnlineManager.swift */,
				F910FA3424784FE70044E947 /* Team data */,
				F910FA3324784FD50044E947 /* Player data */,
			);
			path = "Metadata requests";
			sourceTree = "<group>";
		};
		F9AFCA622469D2660094A33B = {
			isa = PBXGroup;
			children = (
				F9AFCA6D2469D2660094A33B /* Basketball GM */,
				F9AFCA892469D26C0094A33B /* Basketball GMTests */,
				F9AFCA6C2469D2660094A33B /* Products */,
				A6E62C32DBA0C8961F6D79B5 /* Pods */,
				DA1B2511C30E47834C3EFD34 /* Frameworks */,
			);
			sourceTree = "<group>";
		};
		F9AFCA6C2469D2660094A33B /* Products */ = {
			isa = PBXGroup;
			children = (
				F9AFCA6B2469D2660094A33B /* Basketball GM.app */,
				F9AFCA862469D26C0094A33B /* Basketball GMTests.xctest */,
			);
			name = Products;
			sourceTree = "<group>";
		};
		F9AFCA6D2469D2660094A33B /* Basketball GM */ = {
			isa = PBXGroup;
			children = (
				F9AFCA6E2469D2660094A33B /* AppDelegate.swift */,
				F9AFCA702469D2660094A33B /* SceneDelegate.swift */,
				F9AFCA972469D2A10094A33B /* Controller */,
				F9AFCA962469D29C0094A33B /* View */,
				F9AFCA952469D2940094A33B /* Model */,
				F9AFCAA4246B34540094A33B /* Constants.swift */,
				F9AFCA7C2469D26B0094A33B /* Assets.xcassets */,
				F9AFCA7E2469D26B0094A33B /* LaunchScreen.storyboard */,
				F9AFCA812469D26B0094A33B /* Info.plist */,
				F9AFCA792469D2660094A33B /* Basketball_GM.xcdatamodeld */,
			);
			path = "Basketball GM";
			sourceTree = "<group>";
		};
		F9AFCA892469D26C0094A33B /* Basketball GMTests */ = {
			isa = PBXGroup;
			children = (
				F9AFCA8A2469D26C0094A33B /* Basketball_GMTests.swift */,
				F9AFCA8C2469D26C0094A33B /* Info.plist */,
			);
			path = "Basketball GMTests";
			sourceTree = "<group>";
		};
		F9AFCA952469D2940094A33B /* Model */ = {
			isa = PBXGroup;
			children = (
				F9AFCA982469D2B80094A33B /* Player.swift */,
				F9AFCA9A2469D31A0094A33B /* Team.swift */,
				F9AFCA9C2469D3F80094A33B /* Game.swift */,
				F91F61FA24F7CFE800BFDA9B /* BoxScore.swift */,
				F9AFCA9E2469DB090094A33B /* NameGenerator.swift */,
				F9AFCAA02469E7AC0094A33B /* LeagueSimulation.swift */,
				F9AFCAA2246AD9270094A33B /* PlayerTendency.swift */,
				F9DD21B024715EC9005309E7 /* TheAssociation.swift */,
				F94E3B932475500A00491F68 /* Metadata requests */,
			);
			path = Model;
			sourceTree = "<group>";
		};
		F9AFCA962469D29C0094A33B /* View */ = {
			isa = PBXGroup;
			children = (
				F9AFCA762469D2660094A33B /* Main.storyboard */,
			);
			path = View;
			sourceTree = "<group>";
		};
		F9AFCA972469D2A10094A33B /* Controller */ = {
			isa = PBXGroup;
			children = (
				F9AFCA722469D2660094A33B /* GameViewController.swift */,
				F94E3B8B2473CDE900491F68 /* PlayByPlayController.swift */,
				F9AFCA742469D2660094A33B /* SecondViewController.swift */,
			);
			path = Controller;
			sourceTree = "<group>";
		};
/* End PBXGroup section */

/* Begin PBXNativeTarget section */
		F9AFCA6A2469D2660094A33B /* Basketball GM */ = {
			isa = PBXNativeTarget;
			buildConfigurationList = F9AFCA8F2469D26C0094A33B /* Build configuration list for PBXNativeTarget "Basketball GM" */;
			buildPhases = (
				692E52E79B1D0DAF00C3837B /* [CP] Check Pods Manifest.lock */,
				F9AFCA672469D2660094A33B /* Sources */,
				F9AFCA682469D2660094A33B /* Frameworks */,
				F9AFCA692469D2660094A33B /* Resources */,
				A4BF428249F93B870E429DDE /* [CP] Embed Pods Frameworks */,
			);
			buildRules = (
			);
			dependencies = (
			);
			name = "Basketball GM";
			productName = "Basketball GM";
			productReference = F9AFCA6B2469D2660094A33B /* Basketball GM.app */;
			productType = "com.apple.product-type.application";
		};
		F9AFCA852469D26C0094A33B /* Basketball GMTests */ = {
			isa = PBXNativeTarget;
			buildConfigurationList = F9AFCA922469D26C0094A33B /* Build configuration list for PBXNativeTarget "Basketball GMTests" */;
			buildPhases = (
				258D2228168A05E629BEFDF5 /* [CP] Check Pods Manifest.lock */,
				F9AFCA822469D26C0094A33B /* Sources */,
				F9AFCA832469D26C0094A33B /* Frameworks */,
				F9AFCA842469D26C0094A33B /* Resources */,
			);
			buildRules = (
			);
			dependencies = (
				F9AFCA882469D26C0094A33B /* PBXTargetDependency */,
			);
			name = "Basketball GMTests";
			productName = "Basketball GMTests";
			productReference = F9AFCA862469D26C0094A33B /* Basketball GMTests.xctest */;
			productType = "com.apple.product-type.bundle.unit-test";
		};
/* End PBXNativeTarget section */

/* Begin PBXProject section */
		F9AFCA632469D2660094A33B /* Project object */ = {
			isa = PBXProject;
			attributes = {
				LastSwiftUpdateCheck = 1140;
				LastUpgradeCheck = 1140;
				ORGANIZATIONNAME = "Luis Caceres";
				TargetAttributes = {
					F9AFCA6A2469D2660094A33B = {
						CreatedOnToolsVersion = 11.4.1;
					};
					F9AFCA852469D26C0094A33B = {
						CreatedOnToolsVersion = 11.4.1;
						TestTargetID = F9AFCA6A2469D2660094A33B;
					};
				};
			};
			buildConfigurationList = F9AFCA662469D2660094A33B /* Build configuration list for PBXProject "Basketball GM" */;
			compatibilityVersion = "Xcode 9.3";
			developmentRegion = en;
			hasScannedForEncodings = 0;
			knownRegions = (
				en,
				Base,
			);
			mainGroup = F9AFCA622469D2660094A33B;
			productRefGroup = F9AFCA6C2469D2660094A33B /* Products */;
			projectDirPath = "";
			projectRoot = "";
			targets = (
				F9AFCA6A2469D2660094A33B /* Basketball GM */,
				F9AFCA852469D26C0094A33B /* Basketball GMTests */,
			);
		};
/* End PBXProject section */

/* Begin PBXResourcesBuildPhase section */
		F9AFCA692469D2660094A33B /* Resources */ = {
			isa = PBXResourcesBuildPhase;
			buildActionMask = 2147483647;
			files = (
				F9AFCA802469D26B0094A33B /* LaunchScreen.storyboard in Resources */,
				F9AFCA7D2469D26B0094A33B /* Assets.xcassets in Resources */,
				F9AFCA782469D2660094A33B /* Main.storyboard in Resources */,
			);
			runOnlyForDeploymentPostprocessing = 0;
		};
		F9AFCA842469D26C0094A33B /* Resources */ = {
			isa = PBXResourcesBuildPhase;
			buildActionMask = 2147483647;
			files = (
			);
			runOnlyForDeploymentPostprocessing = 0;
		};
/* End PBXResourcesBuildPhase section */

/* Begin PBXShellScriptBuildPhase section */
		258D2228168A05E629BEFDF5 /* [CP] Check Pods Manifest.lock */ = {
			isa = PBXShellScriptBuildPhase;
			buildActionMask = 2147483647;
			files = (
			);
			inputFileListPaths = (
			);
			inputPaths = (
				"${PODS_PODFILE_DIR_PATH}/Podfile.lock",
				"${PODS_ROOT}/Manifest.lock",
			);
			name = "[CP] Check Pods Manifest.lock";
			outputFileListPaths = (
			);
			outputPaths = (
				"$(DERIVED_FILE_DIR)/Pods-Basketball GMTests-checkManifestLockResult.txt",
			);
			runOnlyForDeploymentPostprocessing = 0;
			shellPath = /bin/sh;
			shellScript = "diff \"${PODS_PODFILE_DIR_PATH}/Podfile.lock\" \"${PODS_ROOT}/Manifest.lock\" > /dev/null\nif [ $? != 0 ] ; then\n    # print error to STDERR\n    echo \"error: The sandbox is not in sync with the Podfile.lock. Run 'pod install' or update your CocoaPods installation.\" >&2\n    exit 1\nfi\n# This output is used by Xcode 'outputs' to avoid re-running this script phase.\necho \"SUCCESS\" > \"${SCRIPT_OUTPUT_FILE_0}\"\n";
			showEnvVarsInLog = 0;
		};
		692E52E79B1D0DAF00C3837B /* [CP] Check Pods Manifest.lock */ = {
			isa = PBXShellScriptBuildPhase;
			buildActionMask = 2147483647;
			files = (
			);
			inputFileListPaths = (
			);
			inputPaths = (
				"${PODS_PODFILE_DIR_PATH}/Podfile.lock",
				"${PODS_ROOT}/Manifest.lock",
			);
			name = "[CP] Check Pods Manifest.lock";
			outputFileListPaths = (
			);
			outputPaths = (
				"$(DERIVED_FILE_DIR)/Pods-Basketball GM-checkManifestLockResult.txt",
			);
			runOnlyForDeploymentPostprocessing = 0;
			shellPath = /bin/sh;
			shellScript = "diff \"${PODS_PODFILE_DIR_PATH}/Podfile.lock\" \"${PODS_ROOT}/Manifest.lock\" > /dev/null\nif [ $? != 0 ] ; then\n    # print error to STDERR\n    echo \"error: The sandbox is not in sync with the Podfile.lock. Run 'pod install' or update your CocoaPods installation.\" >&2\n    exit 1\nfi\n# This output is used by Xcode 'outputs' to avoid re-running this script phase.\necho \"SUCCESS\" > \"${SCRIPT_OUTPUT_FILE_0}\"\n";
			showEnvVarsInLog = 0;
		};
		A4BF428249F93B870E429DDE /* [CP] Embed Pods Frameworks */ = {
			isa = PBXShellScriptBuildPhase;
			buildActionMask = 2147483647;
			files = (
			);
			inputFileListPaths = (
				"${PODS_ROOT}/Target Support Files/Pods-Basketball GM/Pods-Basketball GM-frameworks-${CONFIGURATION}-input-files.xcfilelist",
			);
			name = "[CP] Embed Pods Frameworks";
			outputFileListPaths = (
				"${PODS_ROOT}/Target Support Files/Pods-Basketball GM/Pods-Basketball GM-frameworks-${CONFIGURATION}-output-files.xcfilelist",
			);
			runOnlyForDeploymentPostprocessing = 0;
			shellPath = /bin/sh;
			shellScript = "\"${PODS_ROOT}/Target Support Files/Pods-Basketball GM/Pods-Basketball GM-frameworks.sh\"\n";
			showEnvVarsInLog = 0;
		};
/* End PBXShellScriptBuildPhase section */

/* Begin PBXSourcesBuildPhase section */
		F9AFCA672469D2660094A33B /* Sources */ = {
			isa = PBXSourcesBuildPhase;
			buildActionMask = 2147483647;
			files = (
				F94E3B9224754FCD00491F68 /* PlayerData.swift in Sources */,
				F94E3B8E24754A0F00491F68 /* OnlineModel.swift in Sources */,
				F9AFCA9F2469DB090094A33B /* NameGenerator.swift in Sources */,
				F9AFCA752469D2660094A33B /* SecondViewController.swift in Sources */,
				F910FA36247850150044E947 /* TeamData.swift in Sources */,
				F9AFCA732469D2660094A33B /* GameViewController.swift in Sources */,
				F91F61FB24F7CFE800BFDA9B /* BoxScore.swift in Sources */,
				F9AFCAA12469E7AC0094A33B /* LeagueSimulation.swift in Sources */,
				F94E3B8C2473CDE900491F68 /* PlayByPlayController.swift in Sources */,
				F9AFCA9B2469D31A0094A33B /* Team.swift in Sources */,
				F9AFCA7B2469D2660094A33B /* Basketball_GM.xcdatamodeld in Sources */,
				F9AFCA6F2469D2660094A33B /* AppDelegate.swift in Sources */,
				F9AFCA992469D2B80094A33B /* Player.swift in Sources */,
				F9AFCAA3246AD9270094A33B /* PlayerTendency.swift in Sources */,
				F9AFCA712469D2660094A33B /* SceneDelegate.swift in Sources */,
				F94E3B9024754B4A00491F68 /* OnlineManager.swift in Sources */,
				F910FA382478501E0044E947 /* TeamModel.swift in Sources */,
				F9DD21B124715EC9005309E7 /* TheAssociation.swift in Sources */,
				F9AFCA9D2469D3F80094A33B /* Game.swift in Sources */,
				F9AFCAA5246B34540094A33B /* Constants.swift in Sources */,
			);
			runOnlyForDeploymentPostprocessing = 0;
		};
		F9AFCA822469D26C0094A33B /* Sources */ = {
			isa = PBXSourcesBuildPhase;
			buildActionMask = 2147483647;
			files = (
				F9AFCA8B2469D26C0094A33B /* Basketball_GMTests.swift in Sources */,
			);
			runOnlyForDeploymentPostprocessing = 0;
		};
/* End PBXSourcesBuildPhase section */

/* Begin PBXTargetDependency section */
		F9AFCA882469D26C0094A33B /* PBXTargetDependency */ = {
			isa = PBXTargetDependency;
			target = F9AFCA6A2469D2660094A33B /* Basketball GM */;
			targetProxy = F9AFCA872469D26C0094A33B /* PBXContainerItemProxy */;
		};
/* End PBXTargetDependency section */

/* Begin PBXVariantGroup section */
		F9AFCA762469D2660094A33B /* Main.storyboard */ = {
			isa = PBXVariantGroup;
			children = (
				F9AFCA772469D2660094A33B /* Base */,
			);
			name = Main.storyboard;
			sourceTree = "<group>";
		};
		F9AFCA7E2469D26B0094A33B /* LaunchScreen.storyboard */ = {
			isa = PBXVariantGroup;
			children = (
				F9AFCA7F2469D26B0094A33B /* Base */,
			);
			name = LaunchScreen.storyboard;
			sourceTree = "<group>";
		};
/* End PBXVariantGroup section */

/* Begin XCBuildConfiguration section */
		F9AFCA8D2469D26C0094A33B /* Debug */ = {
			isa = XCBuildConfiguration;
			buildSettings = {
				ALWAYS_SEARCH_USER_PATHS = NO;
				CLANG_ANALYZER_NONNULL = YES;
				CLANG_ANALYZER_NUMBER_OBJECT_CONVERSION = YES_AGGRESSIVE;
				CLANG_CXX_LANGUAGE_STANDARD = "gnu++14";
				CLANG_CXX_LIBRARY = "libc++";
				CLANG_ENABLE_MODULES = YES;
				CLANG_ENABLE_OBJC_ARC = YES;
				CLANG_ENABLE_OBJC_WEAK = YES;
				CLANG_WARN_BLOCK_CAPTURE_AUTORELEASING = YES;
				CLANG_WARN_BOOL_CONVERSION = YES;
				CLANG_WARN_COMMA = YES;
				CLANG_WARN_CONSTANT_CONVERSION = YES;
				CLANG_WARN_DEPRECATED_OBJC_IMPLEMENTATIONS = YES;
				CLANG_WARN_DIRECT_OBJC_ISA_USAGE = YES_ERROR;
				CLANG_WARN_DOCUMENTATION_COMMENTS = YES;
				CLANG_WARN_EMPTY_BODY = YES;
				CLANG_WARN_ENUM_CONVERSION = YES;
				CLANG_WARN_INFINITE_RECURSION = YES;
				CLANG_WARN_INT_CONVERSION = YES;
				CLANG_WARN_NON_LITERAL_NULL_CONVERSION = YES;
				CLANG_WARN_OBJC_IMPLICIT_RETAIN_SELF = YES;
				CLANG_WARN_OBJC_LITERAL_CONVERSION = YES;
				CLANG_WARN_OBJC_ROOT_CLASS = YES_ERROR;
				CLANG_WARN_RANGE_LOOP_ANALYSIS = YES;
				CLANG_WARN_STRICT_PROTOTYPES = YES;
				CLANG_WARN_SUSPICIOUS_MOVE = YES;
				CLANG_WARN_UNGUARDED_AVAILABILITY = YES_AGGRESSIVE;
				CLANG_WARN_UNREACHABLE_CODE = YES;
				CLANG_WARN__DUPLICATE_METHOD_MATCH = YES;
				COPY_PHASE_STRIP = NO;
				DEBUG_INFORMATION_FORMAT = dwarf;
				ENABLE_STRICT_OBJC_MSGSEND = YES;
				ENABLE_TESTABILITY = YES;
				GCC_C_LANGUAGE_STANDARD = gnu11;
				GCC_DYNAMIC_NO_PIC = NO;
				GCC_NO_COMMON_BLOCKS = YES;
				GCC_OPTIMIZATION_LEVEL = 0;
				GCC_PREPROCESSOR_DEFINITIONS = (
					"DEBUG=1",
					"$(inherited)",
				);
				GCC_WARN_64_TO_32_BIT_CONVERSION = YES;
				GCC_WARN_ABOUT_RETURN_TYPE = YES_ERROR;
				GCC_WARN_UNDECLARED_SELECTOR = YES;
				GCC_WARN_UNINITIALIZED_AUTOS = YES_AGGRESSIVE;
				GCC_WARN_UNUSED_FUNCTION = YES;
				GCC_WARN_UNUSED_VARIABLE = YES;
				IPHONEOS_DEPLOYMENT_TARGET = 13.4;
				MTL_ENABLE_DEBUG_INFO = INCLUDE_SOURCE;
				MTL_FAST_MATH = YES;
				ONLY_ACTIVE_ARCH = YES;
				SDKROOT = iphoneos;
				SWIFT_ACTIVE_COMPILATION_CONDITIONS = DEBUG;
				SWIFT_OPTIMIZATION_LEVEL = "-Onone";
			};
			name = Debug;
		};
		F9AFCA8E2469D26C0094A33B /* Release */ = {
			isa = XCBuildConfiguration;
			buildSettings = {
				ALWAYS_SEARCH_USER_PATHS = NO;
				CLANG_ANALYZER_NONNULL = YES;
				CLANG_ANALYZER_NUMBER_OBJECT_CONVERSION = YES_AGGRESSIVE;
				CLANG_CXX_LANGUAGE_STANDARD = "gnu++14";
				CLANG_CXX_LIBRARY = "libc++";
				CLANG_ENABLE_MODULES = YES;
				CLANG_ENABLE_OBJC_ARC = YES;
				CLANG_ENABLE_OBJC_WEAK = YES;
				CLANG_WARN_BLOCK_CAPTURE_AUTORELEASING = YES;
				CLANG_WARN_BOOL_CONVERSION = YES;
				CLANG_WARN_COMMA = YES;
				CLANG_WARN_CONSTANT_CONVERSION = YES;
				CLANG_WARN_DEPRECATED_OBJC_IMPLEMENTATIONS = YES;
				CLANG_WARN_DIRECT_OBJC_ISA_USAGE = YES_ERROR;
				CLANG_WARN_DOCUMENTATION_COMMENTS = YES;
				CLANG_WARN_EMPTY_BODY = YES;
				CLANG_WARN_ENUM_CONVERSION = YES;
				CLANG_WARN_INFINITE_RECURSION = YES;
				CLANG_WARN_INT_CONVERSION = YES;
				CLANG_WARN_NON_LITERAL_NULL_CONVERSION = YES;
				CLANG_WARN_OBJC_IMPLICIT_RETAIN_SELF = YES;
				CLANG_WARN_OBJC_LITERAL_CONVERSION = YES;
				CLANG_WARN_OBJC_ROOT_CLASS = YES_ERROR;
				CLANG_WARN_RANGE_LOOP_ANALYSIS = YES;
				CLANG_WARN_STRICT_PROTOTYPES = YES;
				CLANG_WARN_SUSPICIOUS_MOVE = YES;
				CLANG_WARN_UNGUARDED_AVAILABILITY = YES_AGGRESSIVE;
				CLANG_WARN_UNREACHABLE_CODE = YES;
				CLANG_WARN__DUPLICATE_METHOD_MATCH = YES;
				COPY_PHASE_STRIP = NO;
				DEBUG_INFORMATION_FORMAT = "dwarf-with-dsym";
				ENABLE_NS_ASSERTIONS = NO;
				ENABLE_STRICT_OBJC_MSGSEND = YES;
				GCC_C_LANGUAGE_STANDARD = gnu11;
				GCC_NO_COMMON_BLOCKS = YES;
				GCC_WARN_64_TO_32_BIT_CONVERSION = YES;
				GCC_WARN_ABOUT_RETURN_TYPE = YES_ERROR;
				GCC_WARN_UNDECLARED_SELECTOR = YES;
				GCC_WARN_UNINITIALIZED_AUTOS = YES_AGGRESSIVE;
				GCC_WARN_UNUSED_FUNCTION = YES;
				GCC_WARN_UNUSED_VARIABLE = YES;
				IPHONEOS_DEPLOYMENT_TARGET = 13.4;
				MTL_ENABLE_DEBUG_INFO = NO;
				MTL_FAST_MATH = YES;
				SDKROOT = iphoneos;
				SWIFT_COMPILATION_MODE = wholemodule;
				SWIFT_OPTIMIZATION_LEVEL = "-O";
				VALIDATE_PRODUCT = YES;
			};
			name = Release;
		};
		F9AFCA902469D26C0094A33B /* Debug */ = {
			isa = XCBuildConfiguration;
			baseConfigurationReference = 997AC08D9C6C7E2FB397A1A8 /* Pods-Basketball GM.debug.xcconfig */;
			buildSettings = {
				ASSETCATALOG_COMPILER_APPICON_NAME = AppIcon;
				CODE_SIGN_STYLE = Automatic;
				DEVELOPMENT_TEAM = 87SC66P942;
				INFOPLIST_FILE = "Basketball GM/Info.plist";
				LD_RUNPATH_SEARCH_PATHS = (
					"$(inherited)",
					"@executable_path/Frameworks",
				);
				PRODUCT_BUNDLE_IDENTIFIER = "com.luiscaceres.Basketball-GM";
				PRODUCT_NAME = "$(TARGET_NAME)";
				SWIFT_VERSION = 5.0;
				TARGETED_DEVICE_FAMILY = "1,2";
			};
			name = Debug;
		};
		F9AFCA912469D26C0094A33B /* Release */ = {
			isa = XCBuildConfiguration;
			baseConfigurationReference = 39A87E5A8BCBB47D39200B25 /* Pods-Basketball GM.release.xcconfig */;
			buildSettings = {
				ASSETCATALOG_COMPILER_APPICON_NAME = AppIcon;
				CODE_SIGN_STYLE = Automatic;
				DEVELOPMENT_TEAM = 87SC66P942;
				INFOPLIST_FILE = "Basketball GM/Info.plist";
				LD_RUNPATH_SEARCH_PATHS = (
					"$(inherited)",
					"@executable_path/Frameworks",
				);
				PRODUCT_BUNDLE_IDENTIFIER = "com.luiscaceres.Basketball-GM";
				PRODUCT_NAME = "$(TARGET_NAME)";
				SWIFT_VERSION = 5.0;
				TARGETED_DEVICE_FAMILY = "1,2";
			};
			name = Release;
		};
		F9AFCA932469D26C0094A33B /* Debug */ = {
			isa = XCBuildConfiguration;
			baseConfigurationReference = D3FADA34B31C0A1FA7338AFD /* Pods-Basketball GMTests.debug.xcconfig */;
			buildSettings = {
				ALWAYS_EMBED_SWIFT_STANDARD_LIBRARIES = YES;
				BUNDLE_LOADER = "$(TEST_HOST)";
				CODE_SIGN_STYLE = Automatic;
				DEVELOPMENT_TEAM = 87SC66P942;
				INFOPLIST_FILE = "Basketball GMTests/Info.plist";
				IPHONEOS_DEPLOYMENT_TARGET = 13.4;
				LD_RUNPATH_SEARCH_PATHS = (
					"$(inherited)",
					"@executable_path/Frameworks",
					"@loader_path/Frameworks",
				);
				PRODUCT_BUNDLE_IDENTIFIER = "com.luiscaceres.Basketball-GMTests";
				PRODUCT_NAME = "$(TARGET_NAME)";
				SWIFT_VERSION = 5.0;
				TARGETED_DEVICE_FAMILY = "1,2";
				TEST_HOST = "$(BUILT_PRODUCTS_DIR)/Basketball GM.app/Basketball GM";
			};
			name = Debug;
		};
		F9AFCA942469D26C0094A33B /* Release */ = {
			isa = XCBuildConfiguration;
			baseConfigurationReference = BB0038A4E176B2A7FA442AE8 /* Pods-Basketball GMTests.release.xcconfig */;
			buildSettings = {
				ALWAYS_EMBED_SWIFT_STANDARD_LIBRARIES = YES;
				BUNDLE_LOADER = "$(TEST_HOST)";
				CODE_SIGN_STYLE = Automatic;
				DEVELOPMENT_TEAM = 87SC66P942;
				INFOPLIST_FILE = "Basketball GMTests/Info.plist";
				IPHONEOS_DEPLOYMENT_TARGET = 13.4;
				LD_RUNPATH_SEARCH_PATHS = (
					"$(inherited)",
					"@executable_path/Frameworks",
					"@loader_path/Frameworks",
				);
				PRODUCT_BUNDLE_IDENTIFIER = "com.luiscaceres.Basketball-GMTests";
				PRODUCT_NAME = "$(TARGET_NAME)";
				SWIFT_VERSION = 5.0;
				TARGETED_DEVICE_FAMILY = "1,2";
				TEST_HOST = "$(BUILT_PRODUCTS_DIR)/Basketball GM.app/Basketball GM";
			};
			name = Release;
		};
/* End XCBuildConfiguration section */

/* Begin XCConfigurationList section */
		F9AFCA662469D2660094A33B /* Build configuration list for PBXProject "Basketball GM" */ = {
			isa = XCConfigurationList;
			buildConfigurations = (
				F9AFCA8D2469D26C0094A33B /* Debug */,
				F9AFCA8E2469D26C0094A33B /* Release */,
			);
			defaultConfigurationIsVisible = 0;
			defaultConfigurationName = Release;
		};
		F9AFCA8F2469D26C0094A33B /* Build configuration list for PBXNativeTarget "Basketball GM" */ = {
			isa = XCConfigurationList;
			buildConfigurations = (
				F9AFCA902469D26C0094A33B /* Debug */,
				F9AFCA912469D26C0094A33B /* Release */,
			);
			defaultConfigurationIsVisible = 0;
			defaultConfigurationName = Release;
		};
		F9AFCA922469D26C0094A33B /* Build configuration list for PBXNativeTarget "Basketball GMTests" */ = {
			isa = XCConfigurationList;
			buildConfigurations = (
				F9AFCA932469D26C0094A33B /* Debug */,
				F9AFCA942469D26C0094A33B /* Release */,
			);
			defaultConfigurationIsVisible = 0;
			defaultConfigurationName = Release;
		};
/* End XCConfigurationList section */

/* Begin XCVersionGroup section */
		F9AFCA792469D2660094A33B /* Basketball_GM.xcdatamodeld */ = {
			isa = XCVersionGroup;
			children = (
				F9AFCA7A2469D2660094A33B /* Basketball_GM.xcdatamodel */,
			);
			currentVersion = F9AFCA7A2469D2660094A33B /* Basketball_GM.xcdatamodel */;
			path = Basketball_GM.xcdatamodeld;
			sourceTree = "<group>";
			versionGroupType = wrapper.xcdatamodel;
		};
/* End XCVersionGroup section */
	};
	rootObject = F9AFCA632469D2660094A33B /* Project object */;
}
